
Microsoft Visual Studio Solution File, Format Version 12.00
# Visual Studio Version 16
VisualStudioVersion = 16.0.30907.101
MinimumVisualStudioVersion = 10.0.40219.1
Project("{8BC9CEB8-8B4A-11D0-8D11-00A0C91BC942}") = "ModulesTalk", "ModulesTalk\ModulesTalk.vcxproj", "{2FBC056E-737C-45EA-99C4-63814FB9888B}"
EndProject
Global
	GlobalSection(SolutionConfigurationPlatforms) = preSolution
		Debug|x64 = Debug|x64
		Debug|x86 = Debug|x86
		Release|x64 = Release|x64
		Release|x86 = Release|x86
	EndGlobalSection
	GlobalSection(ProjectConfigurationPlatforms) = postSolution
		{2FBC056E-737C-45EA-99C4-63814FB9888B}.Debug|x64.ActiveCfg = Debug|x64
		{2FBC056E-737C-45EA-99C4-63814FB9888B}.Debug|x64.Build.0 = Debug|x64
		{2FBC056E-737C-45EA-99C4-63814FB9888B}.Debug|x86.ActiveCfg = Debug|Win32
		{2FBC056E-737C-45EA-99C4-63814FB9888B}.Debug|x86.Build.0 = Debug|Win32
		{2FBC056E-737C-45EA-99C4-63814FB9888B}.Release|x64.ActiveCfg = Release|x64
		{2FBC056E-737C-45EA-99C4-63814FB9888B}.Release|x64.Build.0 = Release|x64
		{2FBC056E-737C-45EA-99C4-63814FB9888B}.Release|x86.ActiveCfg = Release|Win32
		{2FBC056E-737C-45EA-99C4-63814FB9888B}.Release|x86.Build.0 = Release|Win32
	EndGlobalSection
	GlobalSection(SolutionProperties) = preSolution
		HideSolutionNode = FALSE
	EndGlobalSection
	GlobalSection(ExtensibilityGlobals) = postSolution
		SolutionGuid = {C4B8871E-DB1C-4991-8214-20D50ED4B765}
	EndGlobalSection
EndGlobal
